
Microsoft Visual Studio Solution File, Format Version 12.00
# Visual Studio Version 17
VisualStudioVersion = 17.3.32819.101
MinimumVisualStudioVersion = 10.0.40219.1
Project("{8BC9CEB8-8B4A-11D0-8D11-00A0C91BC942}") = "构造函数的分类与调用", "构造函数的分类与调用\构造函数的分类与调用.vcxproj", "{7A29D3AC-0D7F-43DB-B7D5-D77BF2952DF7}"
EndProject
Global
	GlobalSection(SolutionConfigurationPlatforms) = preSolution
		Debug|x64 = Debug|x64
		Debug|x86 = Debug|x86
		Release|x64 = Release|x64
		Release|x86 = Release|x86
	EndGlobalSection
	GlobalSection(ProjectConfigurationPlatforms) = postSolution
		{7A29D3AC-0D7F-43DB-B7D5-D77BF2952DF7}.Debug|x64.ActiveCfg = Debug|x64
		{7A29D3AC-0D7F-43DB-B7D5-D77BF2952DF7}.Debug|x64.Build.0 = Debug|x64
		{7A29D3AC-0D7F-43DB-B7D5-D77BF2952DF7}.Debug|x86.ActiveCfg = Debug|Win32
		{7A29D3AC-0D7F-43DB-B7D5-D77BF2952DF7}.Debug|x86.Build.0 = Debug|Win32
		{7A29D3AC-0D7F-43DB-B7D5-D77BF2952DF7}.Release|x64.ActiveCfg = Release|x64
		{7A29D3AC-0D7F-43DB-B7D5-D77BF2952DF7}.Release|x64.Build.0 = Release|x64
		{7A29D3AC-0D7F-43DB-B7D5-D77BF2952DF7}.Release|x86.ActiveCfg = Release|Win32
		{7A29D3AC-0D7F-43DB-B7D5-D77BF2952DF7}.Release|x86.Build.0 = Release|Win32
	EndGlobalSection
	GlobalSection(SolutionProperties) = preSolution
		HideSolutionNode = FALSE
	EndGlobalSection
	GlobalSection(ExtensibilityGlobals) = postSolution
		SolutionGuid = {980C261C-579F-4E43-8E0C-DD763A6E86B1}
	EndGlobalSection
EndGlobal
