
Microsoft Visual Studio Solution File, Format Version 12.00
# Visual Studio Version 17
VisualStudioVersion = 17.3.32819.101
MinimumVisualStudioVersion = 10.0.40219.1
Project("{8BC9CEB8-8B4A-11D0-8D11-00A0C91BC942}") = "封裝的意義", "封裝的意義\封裝的意義.vcxproj", "{A55BA32D-B91C-42D0-932C-1151416D05C3}"
EndProject
Global
	GlobalSection(SolutionConfigurationPlatforms) = preSolution
		Debug|x64 = Debug|x64
		Debug|x86 = Debug|x86
		Release|x64 = Release|x64
		Release|x86 = Release|x86
	EndGlobalSection
	GlobalSection(ProjectConfigurationPlatforms) = postSolution
		{A55BA32D-B91C-42D0-932C-1151416D05C3}.Debug|x64.ActiveCfg = Debug|x64
		{A55BA32D-B91C-42D0-932C-1151416D05C3}.Debug|x64.Build.0 = Debug|x64
		{A55BA32D-B91C-42D0-932C-1151416D05C3}.Debug|x86.ActiveCfg = Debug|Win32
		{A55BA32D-B91C-42D0-932C-1151416D05C3}.Debug|x86.Build.0 = Debug|Win32
		{A55BA32D-B91C-42D0-932C-1151416D05C3}.Release|x64.ActiveCfg = Release|x64
		{A55BA32D-B91C-42D0-932C-1151416D05C3}.Release|x64.Build.0 = Release|x64
		{A55BA32D-B91C-42D0-932C-1151416D05C3}.Release|x86.ActiveCfg = Release|Win32
		{A55BA32D-B91C-42D0-932C-1151416D05C3}.Release|x86.Build.0 = Release|Win32
	EndGlobalSection
	GlobalSection(SolutionProperties) = preSolution
		HideSolutionNode = FALSE
	EndGlobalSection
	GlobalSection(ExtensibilityGlobals) = postSolution
		SolutionGuid = {44DB4BF0-7BE0-4E89-8083-D4712D1CF910}
	EndGlobalSection
EndGlobal
