
Microsoft Visual Studio Solution File, Format Version 12.00
# Visual Studio Version 17
VisualStudioVersion = 17.3.32819.101
MinimumVisualStudioVersion = 10.0.40219.1
Project("{8BC9CEB8-8B4A-11D0-8D11-00A0C91BC942}") = "拷貝構造函數的調用時機", "拷貝構造函數的調用時機\拷貝構造函數的調用時機.vcxproj", "{44FB25A7-E13D-4575-BE40-62CB74B2D634}"
EndProject
Global
	GlobalSection(SolutionConfigurationPlatforms) = preSolution
		Debug|x64 = Debug|x64
		Debug|x86 = Debug|x86
		Release|x64 = Release|x64
		Release|x86 = Release|x86
	EndGlobalSection
	GlobalSection(ProjectConfigurationPlatforms) = postSolution
		{44FB25A7-E13D-4575-BE40-62CB74B2D634}.Debug|x64.ActiveCfg = Debug|x64
		{44FB25A7-E13D-4575-BE40-62CB74B2D634}.Debug|x64.Build.0 = Debug|x64
		{44FB25A7-E13D-4575-BE40-62CB74B2D634}.Debug|x86.ActiveCfg = Debug|Win32
		{44FB25A7-E13D-4575-BE40-62CB74B2D634}.Debug|x86.Build.0 = Debug|Win32
		{44FB25A7-E13D-4575-BE40-62CB74B2D634}.Release|x64.ActiveCfg = Release|x64
		{44FB25A7-E13D-4575-BE40-62CB74B2D634}.Release|x64.Build.0 = Release|x64
		{44FB25A7-E13D-4575-BE40-62CB74B2D634}.Release|x86.ActiveCfg = Release|Win32
		{44FB25A7-E13D-4575-BE40-62CB74B2D634}.Release|x86.Build.0 = Release|Win32
	EndGlobalSection
	GlobalSection(SolutionProperties) = preSolution
		HideSolutionNode = FALSE
	EndGlobalSection
	GlobalSection(ExtensibilityGlobals) = postSolution
		SolutionGuid = {0C9E7886-F42B-4489-8418-153B441C8C9B}
	EndGlobalSection
EndGlobal
