
Microsoft Visual Studio Solution File, Format Version 12.00
# Visual Studio Version 17
VisualStudioVersion = 17.3.32819.101
MinimumVisualStudioVersion = 10.0.40219.1
Project("{8BC9CEB8-8B4A-11D0-8D11-00A0C91BC942}") = "空指針調用成員函數", "空指針調用成員函數\空指針調用成員函數.vcxproj", "{46B7EE3E-BDA2-4DC0-B6E9-97B48A4796C4}"
EndProject
Global
	GlobalSection(SolutionConfigurationPlatforms) = preSolution
		Debug|x64 = Debug|x64
		Debug|x86 = Debug|x86
		Release|x64 = Release|x64
		Release|x86 = Release|x86
	EndGlobalSection
	GlobalSection(ProjectConfigurationPlatforms) = postSolution
		{46B7EE3E-BDA2-4DC0-B6E9-97B48A4796C4}.Debug|x64.ActiveCfg = Debug|x64
		{46B7EE3E-BDA2-4DC0-B6E9-97B48A4796C4}.Debug|x64.Build.0 = Debug|x64
		{46B7EE3E-BDA2-4DC0-B6E9-97B48A4796C4}.Debug|x86.ActiveCfg = Debug|Win32
		{46B7EE3E-BDA2-4DC0-B6E9-97B48A4796C4}.Debug|x86.Build.0 = Debug|Win32
		{46B7EE3E-BDA2-4DC0-B6E9-97B48A4796C4}.Release|x64.ActiveCfg = Release|x64
		{46B7EE3E-BDA2-4DC0-B6E9-97B48A4796C4}.Release|x64.Build.0 = Release|x64
		{46B7EE3E-BDA2-4DC0-B6E9-97B48A4796C4}.Release|x86.ActiveCfg = Release|Win32
		{46B7EE3E-BDA2-4DC0-B6E9-97B48A4796C4}.Release|x86.Build.0 = Release|Win32
	EndGlobalSection
	GlobalSection(SolutionProperties) = preSolution
		HideSolutionNode = FALSE
	EndGlobalSection
	GlobalSection(ExtensibilityGlobals) = postSolution
		SolutionGuid = {9598B3AE-21F6-4DFC-85E0-CA50F3C5984E}
	EndGlobalSection
EndGlobal
